// !$*UTF8*$!
{
	archiveVersion = 1;
	classes = {
	};
	objectVersion = 48;
	objects = {

/* Begin PBXBuildFile section */
		A7C3AFD220243FDA007965E0 /* AppDelegate.swift in Sources */ = {isa = PBXBuildFile; fileRef = A7C3AFD120243FDA007965E0 /* AppDelegate.swift */; };
		A7C3AFD420243FDA007965E0 /* ViewController.swift in Sources */ = {isa = PBXBuildFile; fileRef = A7C3AFD320243FDA007965E0 /* ViewController.swift */; };
		A7C3AFD720243FDA007965E0 /* Main.storyboard in Resources */ = {isa = PBXBuildFile; fileRef = A7C3AFD520243FDA007965E0 /* Main.storyboard */; };
		A7C3AFD920243FDA007965E0 /* Assets.xcassets in Resources */ = {isa = PBXBuildFile; fileRef = A7C3AFD820243FDA007965E0 /* Assets.xcassets */; };
		A7C3AFDC20243FDA007965E0 /* LaunchScreen.storyboard in Resources */ = {isa = PBXBuildFile; fileRef = A7C3AFDA20243FDA007965E0 /* LaunchScreen.storyboard */; };
		A7C3AFE720243FDA007965E0 /* GitTutorialTests.swift in Sources */ = {isa = PBXBuildFile; fileRef = A7C3AFE620243FDA007965E0 /* GitTutorialTests.swift */; };
		A7C3AFF220243FDA007965E0 /* GitTutorialUITests.swift in Sources */ = {isa = PBXBuildFile; fileRef = A7C3AFF120243FDA007965E0 /* GitTutorialUITests.swift */; };
/* End PBXBuildFile section */

/* Begin PBXContainerItemProxy section */
		A7C3AFE320243FDA007965E0 /* PBXContainerItemProxy */ = {
			isa = PBXContainerItemProxy;
			containerPortal = A7C3AFC620243FDA007965E0 /* Project object */;
			proxyType = 1;
			remoteGlobalIDString = A7C3AFCD20243FDA007965E0;
			remoteInfo = GitTutorial;
		};
		A7C3AFEE20243FDA007965E0 /* PBXContainerItemProxy */ = {
			isa = PBXContainerItemProxy;
			containerPortal = A7C3AFC620243FDA007965E0 /* Project object */;
			proxyType = 1;
			remoteGlobalIDString = A7C3AFCD20243FDA007965E0;
			remoteInfo = GitTutorial;
		};
/* End PBXContainerItemProxy section */

/* Begin PBXFileReference section */
		A7C3AFCE20243FDA007965E0 /* GitTutorial.app */ = {isa = PBXFileReference; explicitFileType = wrapper.application; includeInIndex = 0; path = GitTutorial.app; sourceTree = BUILT_PRODUCTS_DIR; };
		A7C3AFD120243FDA007965E0 /* AppDelegate.swift */ = {isa = PBXFileReference; lastKnownFileType = sourcecode.swift; path = AppDelegate.swift; sourceTree = "<group>"; };
		A7C3AFD320243FDA007965E0 /* ViewController.swift */ = {isa = PBXFileReference; lastKnownFileType = sourcecode.swift; path = ViewController.swift; sourceTree = "<group>"; };
		A7C3AFD620243FDA007965E0 /* Base */ = {isa = PBXFileReference; lastKnownFileType = file.storyboard; name = Base; path = Base.lproj/Main.storyboard; sourceTree = "<group>"; };
		A7C3AFD820243FDA007965E0 /* Assets.xcassets */ = {isa = PBXFileReference; lastKnownFileType = folder.assetcatalog; path = Assets.xcassets; sourceTree = "<group>"; };
		A7C3AFDB20243FDA007965E0 /* Base */ = {isa = PBXFileReference; lastKnownFileType = file.storyboard; name = Base; path = Base.lproj/LaunchScreen.storyboard; sourceTree = "<group>"; };
		A7C3AFDD20243FDA007965E0 /* Info.plist */ = {isa = PBXFileReference; lastKnownFileType = text.plist.xml; path = Info.plist; sourceTree = "<group>"; };
		A7C3AFE220243FDA007965E0 /* GitTutorialTests.xctest */ = {isa = PBXFileReference; explicitFileType = wrapper.cfbundle; includeInIndex = 0; path = GitTutorialTests.xctest; sourceTree = BUILT_PRODUCTS_DIR; };
		A7C3AFE620243FDA007965E0 /* GitTutorialTests.swift */ = {isa = PBXFileReference; lastKnownFileType = sourcecode.swift; path = GitTutorialTests.swift; sourceTree = "<group>"; };
		A7C3AFE820243FDA007965E0 /* Info.plist */ = {isa = PBXFileReference; lastKnownFileType = text.plist.xml; path = Info.plist; sourceTree = "<group>"; };
		A7C3AFED20243FDA007965E0 /* GitTutorialUITests.xctest */ = {isa = PBXFileReference; explicitFileType = wrapper.cfbundle; includeInIndex = 0; path = GitTutorialUITests.xctest; sourceTree = BUILT_PRODUCTS_DIR; };
		A7C3AFF120243FDA007965E0 /* GitTutorialUITests.swift */ = {isa = PBXFileReference; lastKnownFileType = sourcecode.swift; path = GitTutorialUITests.swift; sourceTree = "<group>"; };
		A7C3AFF320243FDA007965E0 /* Info.plist */ = {isa = PBXFileReference; lastKnownFileType = text.plist.xml; path = Info.plist; sourceTree = "<group>"; };
/* End PBXFileReference section */

/* Begin PBXFrameworksBuildPhase section */
		A7C3AFCB20243FDA007965E0 /* Frameworks */ = {
			isa = PBXFrameworksBuildPhase;
			buildActionMask = 2147483647;
			files = (
			);
			runOnlyForDeploymentPostprocessing = 0;
		};
		A7C3AFDF20243FDA007965E0 /* Frameworks */ = {
			isa = PBXFrameworksBuildPhase;
			buildActionMask = 2147483647;
			files = (
			);
			runOnlyForDeploymentPostprocessing = 0;
		};
		A7C3AFEA20243FDA007965E0 /* Frameworks */ = {
			isa = PBXFrameworksBuildPhase;
			buildActionMask = 2147483647;
			files = (
			);
			runOnlyForDeploymentPostprocessing = 0;
		};
/* End PBXFrameworksBuildPhase section */

/* Begin PBXGroup section */
		A7C3AFC520243FDA007965E0 = {
			isa = PBXGroup;
			children = (
				A7C3AFD020243FDA007965E0 /* GitTutorial */,
				A7C3AFE520243FDA007965E0 /* GitTutorialTests */,
				A7C3AFF020243FDA007965E0 /* GitTutorialUITests */,
				A7C3AFCF20243FDA007965E0 /* Products */,
			);
			sourceTree = "<group>";
		};
		A7C3AFCF20243FDA007965E0 /* Products */ = {
			isa = PBXGroup;
			children = (
				A7C3AFCE20243FDA007965E0 /* GitTutorial.app */,
				A7C3AFE220243FDA007965E0 /* GitTutorialTests.xctest */,
				A7C3AFED20243FDA007965E0 /* GitTutorialUITests.xctest */,
			);
			name = Products;
			sourceTree = "<group>";
		};
		A7C3AFD020243FDA007965E0 /* GitTutorial */ = {
			isa = PBXGroup;
			children = (
				A7C3AFD120243FDA007965E0 /* AppDelegate.swift */,
				A7C3AFD320243FDA007965E0 /* ViewController.swift */,
				A7C3AFD520243FDA007965E0 /* Main.storyboard */,
				A7C3AFD820243FDA007965E0 /* Assets.xcassets */,
				A7C3AFDA20243FDA007965E0 /* LaunchScreen.storyboard */,
				A7C3AFDD20243FDA007965E0 /* Info.plist */,
			);
			path = GitTutorial;
			sourceTree = "<group>";
		};
		A7C3AFE520243FDA007965E0 /* GitTutorialTests */ = {
			isa = PBXGroup;
			children = (
				A7C3AFE620243FDA007965E0 /* GitTutorialTests.swift */,
				A7C3AFE820243FDA007965E0 /* Info.plist */,
			);
			path = GitTutorialTests;
			sourceTree = "<group>";
		};
		A7C3AFF020243FDA007965E0 /* GitTutorialUITests */ = {
			isa = PBXGroup;
			children = (
				A7C3AFF120243FDA007965E0 /* GitTutorialUITests.swift */,
				A7C3AFF320243FDA007965E0 /* Info.plist */,
			);
			path = GitTutorialUITests;
			sourceTree = "<group>";
		};
/* End PBXGroup section */

/* Begin PBXNativeTarget section */
		A7C3AFCD20243FDA007965E0 /* GitTutorial */ = {
			isa = PBXNativeTarget;
			buildConfigurationList = A7C3AFF620243FDA007965E0 /* Build configuration list for PBXNativeTarget "GitTutorial" */;
			buildPhases = (
				A7C3AFCA20243FDA007965E0 /* Sources */,
				A7C3AFCB20243FDA007965E0 /* Frameworks */,
				A7C3AFCC20243FDA007965E0 /* Resources */,
			);
			buildRules = (
			);
			dependencies = (
			);
			name = GitTutorial;
			productName = GitTutorial;
			productReference = A7C3AFCE20243FDA007965E0 /* GitTutorial.app */;
			productType = "com.apple.product-type.application";
		};
		A7C3AFE120243FDA007965E0 /* GitTutorialTests */ = {
			isa = PBXNativeTarget;
			buildConfigurationList = A7C3AFF920243FDA007965E0 /* Build configuration list for PBXNativeTarget "GitTutorialTests" */;
			buildPhases = (
				A7C3AFDE20243FDA007965E0 /* Sources */,
				A7C3AFDF20243FDA007965E0 /* Frameworks */,
				A7C3AFE020243FDA007965E0 /* Resources */,
			);
			buildRules = (
			);
			dependencies = (
				A7C3AFE420243FDA007965E0 /* PBXTargetDependency */,
			);
			name = GitTutorialTests;
			productName = GitTutorialTests;
			productReference = A7C3AFE220243FDA007965E0 /* GitTutorialTests.xctest */;
			productType = "com.apple.product-type.bundle.unit-test";
		};
		A7C3AFEC20243FDA007965E0 /* GitTutorialUITests */ = {
			isa = PBXNativeTarget;
			buildConfigurationList = A7C3AFFC20243FDA007965E0 /* Build configuration list for PBXNativeTarget "GitTutorialUITests" */;
			buildPhases = (
				A7C3AFE920243FDA007965E0 /* Sources */,
				A7C3AFEA20243FDA007965E0 /* Frameworks */,
				A7C3AFEB20243FDA007965E0 /* Resources */,
			);
			buildRules = (
			);
			dependencies = (
				A7C3AFEF20243FDA007965E0 /* PBXTargetDependency */,
			);
			name = GitTutorialUITests;
			productName = GitTutorialUITests;
			productReference = A7C3AFED20243FDA007965E0 /* GitTutorialUITests.xctest */;
			productType = "com.apple.product-type.bundle.ui-testing";
		};
/* End PBXNativeTarget section */

/* Begin PBXProject section */
		A7C3AFC620243FDA007965E0 /* Project object */ = {
			isa = PBXProject;
			attributes = {
				LastSwiftUpdateCheck = 0920;
				LastUpgradeCheck = 0920;
				ORGANIZATIONNAME = "Vikas Arisela";
				TargetAttributes = {
					A7C3AFCD20243FDA007965E0 = {
						CreatedOnToolsVersion = 9.2;
						ProvisioningStyle = Automatic;
					};
					A7C3AFE120243FDA007965E0 = {
						CreatedOnToolsVersion = 9.2;
						ProvisioningStyle = Automatic;
						TestTargetID = A7C3AFCD20243FDA007965E0;
					};
					A7C3AFEC20243FDA007965E0 = {
						CreatedOnToolsVersion = 9.2;
						ProvisioningStyle = Automatic;
						TestTargetID = A7C3AFCD20243FDA007965E0;
					};
				};
			};
			buildConfigurationList = A7C3AFC920243FDA007965E0 /* Build configuration list for PBXProject "GitTutorial" */;
			compatibilityVersion = "Xcode 8.0";
			developmentRegion = en;
			hasScannedForEncodings = 0;
			knownRegions = (
				en,
				Base,
			);
			mainGroup = A7C3AFC520243FDA007965E0;
			productRefGroup = A7C3AFCF20243FDA007965E0 /* Products */;
			projectDirPath = "";
			projectRoot = "";
			targets = (
				A7C3AFCD20243FDA007965E0 /* GitTutorial */,
				A7C3AFE120243FDA007965E0 /* GitTutorialTests */,
				A7C3AFEC20243FDA007965E0 /* GitTutorialUITests */,
			);
		};
/* End PBXProject section */

/* Begin PBXResourcesBuildPhase section */
		A7C3AFCC20243FDA007965E0 /* Resources */ = {
			isa = PBXResourcesBuildPhase;
			buildActionMask = 2147483647;
			files = (
				A7C3AFDC20243FDA007965E0 /* LaunchScreen.storyboard in Resources */,
				A7C3AFD920243FDA007965E0 /* Assets.xcassets in Resources */,
				A7C3AFD720243FDA007965E0 /* Main.storyboard in Resources */,
			);
			runOnlyForDeploymentPostprocessing = 0;
		};
		A7C3AFE020243FDA007965E0 /* Resources */ = {
			isa = PBXResourcesBuildPhase;
			buildActionMask = 2147483647;
			files = (
			);
			runOnlyForDeploymentPostprocessing = 0;
		};
		A7C3AFEB20243FDA007965E0 /* Resources */ = {
			isa = PBXResourcesBuildPhase;
			buildActionMask = 2147483647;
			files = (
			);
			runOnlyForDeploymentPostprocessing = 0;
		};
/* End PBXResourcesBuildPhase section */

/* Begin PBXSourcesBuildPhase section */
		A7C3AFCA20243FDA007965E0 /* Sources */ = {
			isa = PBXSourcesBuildPhase;
			buildActionMask = 2147483647;
			files = (
				A7C3AFD420243FDA007965E0 /* ViewController.swift in Sources */,
				A7C3AFD220243FDA007965E0 /* AppDelegate.swift in Sources */,
			);
			runOnlyForDeploymentPostprocessing = 0;
		};
		A7C3AFDE20243FDA007965E0 /* Sources */ = {
			isa = PBXSourcesBuildPhase;
			buildActionMask = 2147483647;
			files = (
				A7C3AFE720243FDA007965E0 /* GitTutorialTests.swift in Sources */,
			);
			runOnlyForDeploymentPostprocessing = 0;
		};
		A7C3AFE920243FDA007965E0 /* Sources */ = {
			isa = PBXSourcesBuildPhase;
			buildActionMask = 2147483647;
			files = (
				A7C3AFF220243FDA007965E0 /* GitTutorialUITests.swift in Sources */,
			);
			runOnlyForDeploymentPostprocessing = 0;
		};
/* End PBXSourcesBuildPhase section */

/* Begin PBXTargetDependency section */
		A7C3AFE420243FDA007965E0 /* PBXTargetDependency */ = {
			isa = PBXTargetDependency;
			target = A7C3AFCD20243FDA007965E0 /* GitTutorial */;
			targetProxy = A7C3AFE320243FDA007965E0 /* PBXContainerItemProxy */;
		};
		A7C3AFEF20243FDA007965E0 /* PBXTargetDependency */ = {
			isa = PBXTargetDependency;
			target = A7C3AFCD20243FDA007965E0 /* GitTutorial */;
			targetProxy = A7C3AFEE20243FDA007965E0 /* PBXContainerItemProxy */;
		};
/* End PBXTargetDependency section */

/* Begin PBXVariantGroup section */
		A7C3AFD520243FDA007965E0 /* Main.storyboard */ = {
			isa = PBXVariantGroup;
			children = (
				A7C3AFD620243FDA007965E0 /* Base */,
			);
			name = Main.storyboard;
			sourceTree = "<group>";
		};
		A7C3AFDA20243FDA007965E0 /* LaunchScreen.storyboard */ = {
			isa = PBXVariantGroup;
			children = (
				A7C3AFDB20243FDA007965E0 /* Base */,
			);
			name = LaunchScreen.storyboard;
			sourceTree = "<group>";
		};
/* End PBXVariantGroup section */

/* Begin XCBuildConfiguration section */
		A7C3AFF420243FDA007965E0 /* Debug */ = {
			isa = XCBuildConfiguration;
			buildSettings = {
				ALWAYS_SEARCH_USER_PATHS = NO;
				CLANG_ANALYZER_NONNULL = YES;
				CLANG_ANALYZER_NUMBER_OBJECT_CONVERSION = YES_AGGRESSIVE;
				CLANG_CXX_LANGUAGE_STANDARD = "gnu++14";
				CLANG_CXX_LIBRARY = "libc++";
				CLANG_ENABLE_MODULES = YES;
				CLANG_ENABLE_OBJC_ARC = YES;
				CLANG_WARN_BLOCK_CAPTURE_AUTORELEASING = YES;
				CLANG_WARN_BOOL_CONVERSION = YES;
				CLANG_WARN_COMMA = YES;
				CLANG_WARN_CONSTANT_CONVERSION = YES;
				CLANG_WARN_DIRECT_OBJC_ISA_USAGE = YES_ERROR;
				CLANG_WARN_DOCUMENTATION_COMMENTS = YES;
				CLANG_WARN_EMPTY_BODY = YES;
				CLANG_WARN_ENUM_CONVERSION = YES;
				CLANG_WARN_INFINITE_RECURSION = YES;
				CLANG_WARN_INT_CONVERSION = YES;
				CLANG_WARN_NON_LITERAL_NULL_CONVERSION = YES;
				CLANG_WARN_OBJC_LITERAL_CONVERSION = YES;
				CLANG_WARN_OBJC_ROOT_CLASS = YES_ERROR;
				CLANG_WARN_RANGE_LOOP_ANALYSIS = YES;
				CLANG_WARN_STRICT_PROTOTYPES = YES;
				CLANG_WARN_SUSPICIOUS_MOVE = YES;
				CLANG_WARN_UNGUARDED_AVAILABILITY = YES_AGGRESSIVE;
				CLANG_WARN_UNREACHABLE_CODE = YES;
				CLANG_WARN__DUPLICATE_METHOD_MATCH = YES;
				CODE_SIGN_IDENTITY = "iPhone Developer";
				COPY_PHASE_STRIP = NO;
				DEBUG_INFORMATION_FORMAT = dwarf;
				ENABLE_STRICT_OBJC_MSGSEND = YES;
				ENABLE_TESTABILITY = YES;
				GCC_C_LANGUAGE_STANDARD = gnu11;
				GCC_DYNAMIC_NO_PIC = NO;
				GCC_NO_COMMON_BLOCKS = YES;
				GCC_OPTIMIZATION_LEVEL = 0;
				GCC_PREPROCESSOR_DEFINITIONS = (
					"DEBUG=1",
					"$(inherited)",
				);
				GCC_WARN_64_TO_32_BIT_CONVERSION = YES;
				GCC_WARN_ABOUT_RETURN_TYPE = YES_ERROR;
				GCC_WARN_UNDECLARED_SELECTOR = YES;
				GCC_WARN_UNINITIALIZED_AUTOS = YES_AGGRESSIVE;
				GCC_WARN_UNUSED_FUNCTION = YES;
				GCC_WARN_UNUSED_VARIABLE = YES;
				IPHONEOS_DEPLOYMENT_TARGET = 11.2;
				MTL_ENABLE_DEBUG_INFO = YES;
				ONLY_ACTIVE_ARCH = YES;
				SDKROOT = iphoneos;
				SWIFT_ACTIVE_COMPILATION_CONDITIONS = DEBUG;
				SWIFT_OPTIMIZATION_LEVEL = "-Onone";
			};
			name = Debug;
		};
		A7C3AFF520243FDA007965E0 /* Release */ = {
			isa = XCBuildConfiguration;
			buildSettings = {
				ALWAYS_SEARCH_USER_PATHS = NO;
				CLANG_ANALYZER_NONNULL = YES;
				CLANG_ANALYZER_NUMBER_OBJECT_CONVERSION = YES_AGGRESSIVE;
				CLANG_CXX_LANGUAGE_STANDARD = "gnu++14";
				CLANG_CXX_LIBRARY = "libc++";
				CLANG_ENABLE_MODULES = YES;
				CLANG_ENABLE_OBJC_ARC = YES;
				CLANG_WARN_BLOCK_CAPTURE_AUTORELEASING = YES;
				CLANG_WARN_BOOL_CONVERSION = YES;
				CLANG_WARN_COMMA = YES;
				CLANG_WARN_CONSTANT_CONVERSION = YES;
				CLANG_WARN_DIRECT_OBJC_ISA_USAGE = YES_ERROR;
				CLANG_WARN_DOCUMENTATION_COMMENTS = YES;
				CLANG_WARN_EMPTY_BODY = YES;
				CLANG_WARN_ENUM_CONVERSION = YES;
				CLANG_WARN_INFINITE_RECURSION = YES;
				CLANG_WARN_INT_CONVERSION = YES;
				CLANG_WARN_NON_LITERAL_NULL_CONVERSION = YES;
				CLANG_WARN_OBJC_LITERAL_CONVERSION = YES;
				CLANG_WARN_OBJC_ROOT_CLASS = YES_ERROR;
				CLANG_WARN_RANGE_LOOP_ANALYSIS = YES;
				CLANG_WARN_STRICT_PROTOTYPES = YES;
				CLANG_WARN_SUSPICIOUS_MOVE = YES;
				CLANG_WARN_UNGUARDED_AVAILABILITY = YES_AGGRESSIVE;
				CLANG_WARN_UNREACHABLE_CODE = YES;
				CLANG_WARN__DUPLICATE_METHOD_MATCH = YES;
				CODE_SIGN_IDENTITY = "iPhone Developer";
				COPY_PHASE_STRIP = NO;
				DEBUG_INFORMATION_FORMAT = "dwarf-with-dsym";
				ENABLE_NS_ASSERTIONS = NO;
				ENABLE_STRICT_OBJC_MSGSEND = YES;
				GCC_C_LANGUAGE_STANDARD = gnu11;
				GCC_NO_COMMON_BLOCKS = YES;
				GCC_WARN_64_TO_32_BIT_CONVERSION = YES;
				GCC_WARN_ABOUT_RETURN_TYPE = YES_ERROR;
				GCC_WARN_UNDECLARED_SELECTOR = YES;
				GCC_WARN_UNINITIALIZED_AUTOS = YES_AGGRESSIVE;
				GCC_WARN_UNUSED_FUNCTION = YES;
				GCC_WARN_UNUSED_VARIABLE = YES;
				IPHONEOS_DEPLOYMENT_TARGET = 11.2;
				MTL_ENABLE_DEBUG_INFO = NO;
				SDKROOT = iphoneos;
				SWIFT_OPTIMIZATION_LEVEL = "-Owholemodule";
				VALIDATE_PRODUCT = YES;
			};
			name = Release;
		};
		A7C3AFF720243FDA007965E0 /* Debug */ = {
			isa = XCBuildConfiguration;
			buildSettings = {
				ASSETCATALOG_COMPILER_APPICON_NAME = AppIcon;
				CODE_SIGN_STYLE = Automatic;
				DEVELOPMENT_TEAM = 6QZTLNTWPH;
				INFOPLIST_FILE = GitTutorial/Info.plist;
				LD_RUNPATH_SEARCH_PATHS = "$(inherited) @executable_path/Frameworks";
				PRODUCT_BUNDLE_IDENTIFIER = com.vikas.GitTutorial;
				PRODUCT_NAME = "$(TARGET_NAME)";
				SWIFT_VERSION = 4.0;
				TARGETED_DEVICE_FAMILY = "1,2";
			};
			name = Debug;
		};
		A7C3AFF820243FDA007965E0 /* Release */ = {
			isa = XCBuildConfiguration;
			buildSettings = {
				ASSETCATALOG_COMPILER_APPICON_NAME = AppIcon;
				CODE_SIGN_STYLE = Automatic;
				DEVELOPMENT_TEAM = 6QZTLNTWPH;
				INFOPLIST_FILE = GitTutorial/Info.plist;
				LD_RUNPATH_SEARCH_PATHS = "$(inherited) @executable_path/Frameworks";
				PRODUCT_BUNDLE_IDENTIFIER = com.vikas.GitTutorial;
				PRODUCT_NAME = "$(TARGET_NAME)";
				SWIFT_VERSION = 4.0;
				TARGETED_DEVICE_FAMILY = "1,2";
			};
			name = Release;
		};
		A7C3AFFA20243FDA007965E0 /* Debug */ = {
			isa = XCBuildConfiguration;
			buildSettings = {
				ALWAYS_EMBED_SWIFT_STANDARD_LIBRARIES = YES;
				BUNDLE_LOADER = "$(TEST_HOST)";
				CODE_SIGN_STYLE = Automatic;
				DEVELOPMENT_TEAM = 6QZTLNTWPH;
				INFOPLIST_FILE = GitTutorialTests/Info.plist;
				LD_RUNPATH_SEARCH_PATHS = "$(inherited) @executable_path/Frameworks @loader_path/Frameworks";
				PRODUCT_BUNDLE_IDENTIFIER = com.vikas.GitTutorialTests;
				PRODUCT_NAME = "$(TARGET_NAME)";
				SWIFT_VERSION = 4.0;
				TARGETED_DEVICE_FAMILY = "1,2";
				TEST_HOST = "$(BUILT_PRODUCTS_DIR)/GitTutorial.app/GitTutorial";
			};
			name = Debug;
		};
		A7C3AFFB20243FDA007965E0 /* Release */ = {
			isa = XCBuildConfiguration;
			buildSettings = {
				ALWAYS_EMBED_SWIFT_STANDARD_LIBRARIES = YES;
				BUNDLE_LOADER = "$(TEST_HOST)";
				CODE_SIGN_STYLE = Automatic;
				DEVELOPMENT_TEAM = 6QZTLNTWPH;
				INFOPLIST_FILE = GitTutorialTests/Info.plist;
				LD_RUNPATH_SEARCH_PATHS = "$(inherited) @executable_path/Frameworks @loader_path/Frameworks";
				PRODUCT_BUNDLE_IDENTIFIER = com.vikas.GitTutorialTests;
				PRODUCT_NAME = "$(TARGET_NAME)";
				SWIFT_VERSION = 4.0;
				TARGETED_DEVICE_FAMILY = "1,2";
				TEST_HOST = "$(BUILT_PRODUCTS_DIR)/GitTutorial.app/GitTutorial";
			};
			name = Release;
		};
		A7C3AFFD20243FDA007965E0 /* Debug */ = {
			isa = XCBuildConfiguration;
			buildSettings = {
				ALWAYS_EMBED_SWIFT_STANDARD_LIBRARIES = YES;
				CODE_SIGN_STYLE = Automatic;
				DEVELOPMENT_TEAM = 6QZTLNTWPH;
				INFOPLIST_FILE = GitTutorialUITests/Info.plist;
				LD_RUNPATH_SEARCH_PATHS = "$(inherited) @executable_path/Frameworks @loader_path/Frameworks";
				PRODUCT_BUNDLE_IDENTIFIER = com.vikas.GitTutorialUITests;
				PRODUCT_NAME = "$(TARGET_NAME)";
				SWIFT_VERSION = 4.0;
				TARGETED_DEVICE_FAMILY = "1,2";
				TEST_TARGET_NAME = GitTutorial;
			};
			name = Debug;
		};
		A7C3AFFE20243FDA007965E0 /* Release */ = {
			isa = XCBuildConfiguration;
			buildSettings = {
				ALWAYS_EMBED_SWIFT_STANDARD_LIBRARIES = YES;
				CODE_SIGN_STYLE = Automatic;
				DEVELOPMENT_TEAM = 6QZTLNTWPH;
				INFOPLIST_FILE = GitTutorialUITests/Info.plist;
				LD_RUNPATH_SEARCH_PATHS = "$(inherited) @executable_path/Frameworks @loader_path/Frameworks";
				PRODUCT_BUNDLE_IDENTIFIER = com.vikas.GitTutorialUITests;
				PRODUCT_NAME = "$(TARGET_NAME)";
				SWIFT_VERSION = 4.0;
				TARGETED_DEVICE_FAMILY = "1,2";
				TEST_TARGET_NAME = GitTutorial;
			};
			name = Release;
		};
/* End XCBuildConfiguration section */

/* Begin XCConfigurationList section */
		A7C3AFC920243FDA007965E0 /* Build configuration list for PBXProject "GitTutorial" */ = {
			isa = XCConfigurationList;
			buildConfigurations = (
				A7C3AFF420243FDA007965E0 /* Debug */,
				A7C3AFF520243FDA007965E0 /* Release */,
			);
			defaultConfigurationIsVisible = 0;
			defaultConfigurationName = Release;
		};
		A7C3AFF620243FDA007965E0 /* Build configuration list for PBXNativeTarget "GitTutorial" */ = {
			isa = XCConfigurationList;
			buildConfigurations = (
				A7C3AFF720243FDA007965E0 /* Debug */,
				A7C3AFF820243FDA007965E0 /* Release */,
			);
			defaultConfigurationIsVisible = 0;
			defaultConfigurationName = Release;
		};
		A7C3AFF920243FDA007965E0 /* Build configuration list for PBXNativeTarget "GitTutorialTests" */ = {
			isa = XCConfigurationList;
			buildConfigurations = (
				A7C3AFFA20243FDA007965E0 /* Debug */,
				A7C3AFFB20243FDA007965E0 /* Release */,
			);
			defaultConfigurationIsVisible = 0;
			defaultConfigurationName = Release;
		};
		A7C3AFFC20243FDA007965E0 /* Build configuration list for PBXNativeTarget "GitTutorialUITests" */ = {
			isa = XCConfigurationList;
			buildConfigurations = (
				A7C3AFFD20243FDA007965E0 /* Debug */,
				A7C3AFFE20243FDA007965E0 /* Release */,
			);
			defaultConfigurationIsVisible = 0;
			defaultConfigurationName = Release;
		};
/* End XCConfigurationList section */
	};
	rootObject = A7C3AFC620243FDA007965E0 /* Project object */;
}
